
Microsoft Visual Studio Solution File, Format Version 12.00
# Visual Studio 15
VisualStudioVersion = 15.0.26430.4
MinimumVisualStudioVersion = 10.0.40219.1
Project("{F184B08F-C81C-45F6-A57F-5ABD9991F28F}") = "ProductReviewApp-MarkI", "ProductReviewApp-MarkI\ProductReviewApp-MarkI.vbproj", "{EF9F1AE4-41AC-434C-A6B8-7B28DFC024BD}"
EndProject
Global
	GlobalSection(SolutionConfigurationPlatforms) = preSolution
		Debug|Any CPU = Debug|Any CPU
		Release|Any CPU = Release|Any CPU
	EndGlobalSection
	GlobalSection(ProjectConfigurationPlatforms) = postSolution
		{EF9F1AE4-41AC-434C-A6B8-7B28DFC024BD}.Debug|Any CPU.ActiveCfg = Debug|Any CPU
		{EF9F1AE4-41AC-434C-A6B8-7B28DFC024BD}.Debug|Any CPU.Build.0 = Debug|Any CPU
		{EF9F1AE4-41AC-434C-A6B8-7B28DFC024BD}.Release|Any CPU.ActiveCfg = Release|Any CPU
		{EF9F1AE4-41AC-434C-A6B8-7B28DFC024BD}.Release|Any CPU.Build.0 = Release|Any CPU
	EndGlobalSection
	GlobalSection(SolutionProperties) = preSolution
		HideSolutionNode = FALSE
	EndGlobalSection
EndGlobal
